
Microsoft Visual Studio Solution File, Format Version 12.00
# Visual Studio Version 16
VisualStudioVersion = 16.0.31702.278
MinimumVisualStudioVersion = 10.0.40219.1
Project("{FAE04EC0-301F-11D3-BF4B-00C04F79EFBC}") = "DataReaderMaxPerDay", "DataReaderMaxPerDay.csproj", "{A14A60B5-5EA6-4957-8C25-8AED7DD26D43}"
EndProject
Global
	GlobalSection(SolutionConfigurationPlatforms) = preSolution
		Debug|Any CPU = Debug|Any CPU
		Release|Any CPU = Release|Any CPU
	EndGlobalSection
	GlobalSection(ProjectConfigurationPlatforms) = postSolution
		{A14A60B5-5EA6-4957-8C25-8AED7DD26D43}.Debug|Any CPU.ActiveCfg = Debug|Any CPU
		{A14A60B5-5EA6-4957-8C25-8AED7DD26D43}.Debug|Any CPU.Build.0 = Debug|Any CPU
		{A14A60B5-5EA6-4957-8C25-8AED7DD26D43}.Release|Any CPU.ActiveCfg = Release|Any CPU
		{A14A60B5-5EA6-4957-8C25-8AED7DD26D43}.Release|Any CPU.Build.0 = Release|Any CPU
	EndGlobalSection
	GlobalSection(SolutionProperties) = preSolution
		HideSolutionNode = FALSE
	EndGlobalSection
	GlobalSection(ExtensibilityGlobals) = postSolution
		SolutionGuid = {53A7D5A8-63FD-4D5C-AD67-5477656821F1}
	EndGlobalSection
EndGlobal
